
Microsoft Visual Studio Solution File, Format Version 12.00
# Visual Studio Version 16
VisualStudioVersion = 16.0.32510.428
MinimumVisualStudioVersion = 10.0.40219.1
Project("{FAE04EC0-301F-11D3-BF4B-00C04F79EFBC}") = "Exercise2_3.Android", "Exercise2_3\Exercise2_3.Android\Exercise2_3.Android.csproj", "{24C3B813-433E-4708-BFC0-367F24F58A12}"
EndProject
Project("{FAE04EC0-301F-11D3-BF4B-00C04F79EFBC}") = "Exercise2_3", "Exercise2_3\Exercise2_3\Exercise2_3.csproj", "{60D35947-AF42-46D3-9DB1-F2614128EAF2}"
EndProject
Global
	GlobalSection(SolutionConfigurationPlatforms) = preSolution
		Debug|Any CPU = Debug|Any CPU
		Release|Any CPU = Release|Any CPU
	EndGlobalSection
	GlobalSection(ProjectConfigurationPlatforms) = postSolution
		{24C3B813-433E-4708-BFC0-367F24F58A12}.Debug|Any CPU.ActiveCfg = Debug|Any CPU
		{24C3B813-433E-4708-BFC0-367F24F58A12}.Debug|Any CPU.Build.0 = Debug|Any CPU
		{24C3B813-433E-4708-BFC0-367F24F58A12}.Debug|Any CPU.Deploy.0 = Debug|Any CPU
		{24C3B813-433E-4708-BFC0-367F24F58A12}.Release|Any CPU.ActiveCfg = Release|Any CPU
		{24C3B813-433E-4708-BFC0-367F24F58A12}.Release|Any CPU.Build.0 = Release|Any CPU
		{24C3B813-433E-4708-BFC0-367F24F58A12}.Release|Any CPU.Deploy.0 = Release|Any CPU
		{60D35947-AF42-46D3-9DB1-F2614128EAF2}.Debug|Any CPU.ActiveCfg = Debug|Any CPU
		{60D35947-AF42-46D3-9DB1-F2614128EAF2}.Debug|Any CPU.Build.0 = Debug|Any CPU
		{60D35947-AF42-46D3-9DB1-F2614128EAF2}.Debug|Any CPU.Deploy.0 = Debug|Any CPU
		{60D35947-AF42-46D3-9DB1-F2614128EAF2}.Release|Any CPU.ActiveCfg = Release|Any CPU
		{60D35947-AF42-46D3-9DB1-F2614128EAF2}.Release|Any CPU.Build.0 = Release|Any CPU
		{60D35947-AF42-46D3-9DB1-F2614128EAF2}.Release|Any CPU.Deploy.0 = Release|Any CPU
	EndGlobalSection
	GlobalSection(SolutionProperties) = preSolution
		HideSolutionNode = FALSE
	EndGlobalSection
	GlobalSection(ExtensibilityGlobals) = postSolution
		SolutionGuid = {B76188DD-AFC0-4EB3-A315-D55CC62C89B8}
	EndGlobalSection
EndGlobal
